{
  "name": "es-tea-anget",
  "version": "1.0.0",
  "lockfileVersion": 3,
  "requires": true,
  "packages": {
    "": {
      "name": "es-tea-anget",
      "version": "1.0.0",
      "license": "MIT",
      "dependencies": {
        "es-tea-manis": "^1.0.0"
      }
    },
    "node_modules/es-tea-manis": {
      "version": "1.0.0",
      "resolved": "https://registry.npmjs.org/es-tea-manis/-/es-tea-manis-1.0.0.tgz",
      "integrity": "sha512-3e0hCmhCcSNup4pQ8wl11/cA4DflEZtIrnVScrblh42vY2t1WAuYceRDRM6DzCrjtt0yFX8Tbla+4lV0tP6zXw==",
      "dependencies": {
        "lodash": "^4.17.21"
      }
    },
    "node_modules/lodash": {
      "version": "4.17.21",
      "resolved": "https://registry.npmjs.org/lodash/-/lodash-4.17.21.tgz",
      "integrity": "sha512-v2kDEe57lecTulaDIuNTPy3Ry4gLGJ6Z1O3vE1krgXZNrsQ+LFTGHVxVjcXPs17LhbZVGedAJv8XZ1tvj5FvSg=="
    }
  }
}
